// !$*UTF8*$!
{
	archiveVersion = 1;
	classes = {
	};
	objectVersion = 50;
	objects = {

/* Begin PBXBuildFile section */
		847F9C7623EDFD0D006B749F /* Picture 1.png in Resources */ = {isa = PBXBuildFile; fileRef = 847F9C7523EDFD0D006B749F /* Picture 1.png */; };
		84B6D46623EDC6890070B6C5 /* AppDelegate.swift in Sources */ = {isa = PBXBuildFile; fileRef = 84B6D46523EDC6890070B6C5 /* AppDelegate.swift */; };
		84B6D46823EDC6890070B6C5 /* SceneDelegate.swift in Sources */ = {isa = PBXBuildFile; fileRef = 84B6D46723EDC6890070B6C5 /* SceneDelegate.swift */; };
		84B6D46A23EDC6890070B6C5 /* ViewController.swift in Sources */ = {isa = PBXBuildFile; fileRef = 84B6D46923EDC6890070B6C5 /* ViewController.swift */; };
		84B6D46D23EDC6890070B6C5 /* Main.storyboard in Resources */ = {isa = PBXBuildFile; fileRef = 84B6D46B23EDC6890070B6C5 /* Main.storyboard */; };
		84B6D46F23EDC68B0070B6C5 /* Assets.xcassets in Resources */ = {isa = PBXBuildFile; fileRef = 84B6D46E23EDC68B0070B6C5 /* Assets.xcassets */; };
		84B6D47223EDC68B0070B6C5 /* LaunchScreen.storyboard in Resources */ = {isa = PBXBuildFile; fileRef = 84B6D47023EDC68B0070B6C5 /* LaunchScreen.storyboard */; };
		84B6D47D23EDC68C0070B6C5 /* caseTests.swift in Sources */ = {isa = PBXBuildFile; fileRef = 84B6D47C23EDC68C0070B6C5 /* caseTests.swift */; };
		84B6D48823EDC68C0070B6C5 /* caseUITests.swift in Sources */ = {isa = PBXBuildFile; fileRef = 84B6D48723EDC68C0070B6C5 /* caseUITests.swift */; };
		84B6D49623EDC92C0070B6C5 /* doctor-circle.png in Resources */ = {isa = PBXBuildFile; fileRef = 84B6D49523EDC92C0070B6C5 /* doctor-circle.png */; };
		84B6D49823EDCC530070B6C5 /* circle-metzger-1.png in Resources */ = {isa = PBXBuildFile; fileRef = 84B6D49723EDCC530070B6C5 /* circle-metzger-1.png */; };
/* End PBXBuildFile section */

/* Begin PBXContainerItemProxy section */
		84B6D47923EDC68C0070B6C5 /* PBXContainerItemProxy */ = {
			isa = PBXContainerItemProxy;
			containerPortal = 84B6D45A23EDC6880070B6C5 /* Project object */;
			proxyType = 1;
			remoteGlobalIDString = 84B6D46123EDC6890070B6C5;
			remoteInfo = case;
		};
		84B6D48423EDC68C0070B6C5 /* PBXContainerItemProxy */ = {
			isa = PBXContainerItemProxy;
			containerPortal = 84B6D45A23EDC6880070B6C5 /* Project object */;
			proxyType = 1;
			remoteGlobalIDString = 84B6D46123EDC6890070B6C5;
			remoteInfo = case;
		};
/* End PBXContainerItemProxy section */

/* Begin PBXFileReference section */
		847F9C7523EDFD0D006B749F /* Picture 1.png */ = {isa = PBXFileReference; lastKnownFileType = image.png; path = "Picture 1.png"; sourceTree = "<group>"; };
		84B6D46223EDC6890070B6C5 /* case.app */ = {isa = PBXFileReference; explicitFileType = wrapper.application; includeInIndex = 0; path = case.app; sourceTree = BUILT_PRODUCTS_DIR; };
		84B6D46523EDC6890070B6C5 /* AppDelegate.swift */ = {isa = PBXFileReference; lastKnownFileType = sourcecode.swift; path = AppDelegate.swift; sourceTree = "<group>"; };
		84B6D46723EDC6890070B6C5 /* SceneDelegate.swift */ = {isa = PBXFileReference; lastKnownFileType = sourcecode.swift; path = SceneDelegate.swift; sourceTree = "<group>"; };
		84B6D46923EDC6890070B6C5 /* ViewController.swift */ = {isa = PBXFileReference; lastKnownFileType = sourcecode.swift; path = ViewController.swift; sourceTree = "<group>"; };
		84B6D46C23EDC6890070B6C5 /* Base */ = {isa = PBXFileReference; lastKnownFileType = file.storyboard; name = Base; path = Base.lproj/Main.storyboard; sourceTree = "<group>"; };
		84B6D46E23EDC68B0070B6C5 /* Assets.xcassets */ = {isa = PBXFileReference; lastKnownFileType = folder.assetcatalog; path = Assets.xcassets; sourceTree = "<group>"; };
		84B6D47123EDC68B0070B6C5 /* Base */ = {isa = PBXFileReference; lastKnownFileType = file.storyboard; name = Base; path = Base.lproj/LaunchScreen.storyboard; sourceTree = "<group>"; };
		84B6D47323EDC68B0070B6C5 /* Info.plist */ = {isa = PBXFileReference; lastKnownFileType = text.plist.xml; path = Info.plist; sourceTree = "<group>"; };
		84B6D47823EDC68C0070B6C5 /* caseTests.xctest */ = {isa = PBXFileReference; explicitFileType = wrapper.cfbundle; includeInIndex = 0; path = caseTests.xctest; sourceTree = BUILT_PRODUCTS_DIR; };
		84B6D47C23EDC68C0070B6C5 /* caseTests.swift */ = {isa = PBXFileReference; lastKnownFileType = sourcecode.swift; path = caseTests.swift; sourceTree = "<group>"; };
		84B6D47E23EDC68C0070B6C5 /* Info.plist */ = {isa = PBXFileReference; lastKnownFileType = text.plist.xml; path = Info.plist; sourceTree = "<group>"; };
		84B6D48323EDC68C0070B6C5 /* caseUITests.xctest */ = {isa = PBXFileReference; explicitFileType = wrapper.cfbundle; includeInIndex = 0; path = caseUITests.xctest; sourceTree = BUILT_PRODUCTS_DIR; };
		84B6D48723EDC68C0070B6C5 /* caseUITests.swift */ = {isa = PBXFileReference; lastKnownFileType = sourcecode.swift; path = caseUITests.swift; sourceTree = "<group>"; };
		84B6D48923EDC68C0070B6C5 /* Info.plist */ = {isa = PBXFileReference; lastKnownFileType = text.plist.xml; path = Info.plist; sourceTree = "<group>"; };
		84B6D49523EDC92C0070B6C5 /* doctor-circle.png */ = {isa = PBXFileReference; lastKnownFileType = image.png; path = "doctor-circle.png"; sourceTree = "<group>"; };
		84B6D49723EDCC530070B6C5 /* circle-metzger-1.png */ = {isa = PBXFileReference; lastKnownFileType = image.png; path = "circle-metzger-1.png"; sourceTree = "<group>"; };
/* End PBXFileReference section */

/* Begin PBXFrameworksBuildPhase section */
		84B6D45F23EDC6890070B6C5 /* Frameworks */ = {
			isa = PBXFrameworksBuildPhase;
			buildActionMask = 2147483647;
			files = (
			);
			runOnlyForDeploymentPostprocessing = 0;
		};
		84B6D47523EDC68C0070B6C5 /* Frameworks */ = {
			isa = PBXFrameworksBuildPhase;
			buildActionMask = 2147483647;
			files = (
			);
			runOnlyForDeploymentPostprocessing = 0;
		};
		84B6D48023EDC68C0070B6C5 /* Frameworks */ = {
			isa = PBXFrameworksBuildPhase;
			buildActionMask = 2147483647;
			files = (
			);
			runOnlyForDeploymentPostprocessing = 0;
		};
/* End PBXFrameworksBuildPhase section */

/* Begin PBXGroup section */
		84B6D45923EDC6880070B6C5 = {
			isa = PBXGroup;
			children = (
				84B6D46423EDC6890070B6C5 /* case */,
				84B6D47B23EDC68C0070B6C5 /* caseTests */,
				84B6D48623EDC68C0070B6C5 /* caseUITests */,
				84B6D46323EDC6890070B6C5 /* Products */,
			);
			sourceTree = "<group>";
		};
		84B6D46323EDC6890070B6C5 /* Products */ = {
			isa = PBXGroup;
			children = (
				84B6D46223EDC6890070B6C5 /* case.app */,
				84B6D47823EDC68C0070B6C5 /* caseTests.xctest */,
				84B6D48323EDC68C0070B6C5 /* caseUITests.xctest */,
			);
			name = Products;
			sourceTree = "<group>";
		};
		84B6D46423EDC6890070B6C5 /* case */ = {
			isa = PBXGroup;
			children = (
				84B6D46523EDC6890070B6C5 /* AppDelegate.swift */,
				84B6D46723EDC6890070B6C5 /* SceneDelegate.swift */,
				84B6D46923EDC6890070B6C5 /* ViewController.swift */,
				84B6D46B23EDC6890070B6C5 /* Main.storyboard */,
				84B6D46E23EDC68B0070B6C5 /* Assets.xcassets */,
				84B6D47023EDC68B0070B6C5 /* LaunchScreen.storyboard */,
				84B6D47323EDC68B0070B6C5 /* Info.plist */,
				84B6D49723EDCC530070B6C5 /* circle-metzger-1.png */,
				84B6D49523EDC92C0070B6C5 /* doctor-circle.png */,
				847F9C7523EDFD0D006B749F /* Picture 1.png */,
			);
			path = case;
			sourceTree = "<group>";
		};
		84B6D47B23EDC68C0070B6C5 /* caseTests */ = {
			isa = PBXGroup;
			children = (
				84B6D47C23EDC68C0070B6C5 /* caseTests.swift */,
				84B6D47E23EDC68C0070B6C5 /* Info.plist */,
			);
			path = caseTests;
			sourceTree = "<group>";
		};
		84B6D48623EDC68C0070B6C5 /* caseUITests */ = {
			isa = PBXGroup;
			children = (
				84B6D48723EDC68C0070B6C5 /* caseUITests.swift */,
				84B6D48923EDC68C0070B6C5 /* Info.plist */,
			);
			path = caseUITests;
			sourceTree = "<group>";
		};
/* End PBXGroup section */

/* Begin PBXNativeTarget section */
		84B6D46123EDC6890070B6C5 /* case */ = {
			isa = PBXNativeTarget;
			buildConfigurationList = 84B6D48C23EDC68C0070B6C5 /* Build configuration list for PBXNativeTarget "case" */;
			buildPhases = (
				84B6D45E23EDC6890070B6C5 /* Sources */,
				84B6D45F23EDC6890070B6C5 /* Frameworks */,
				84B6D46023EDC6890070B6C5 /* Resources */,
			);
			buildRules = (
			);
			dependencies = (
			);
			name = case;
			productName = case;
			productReference = 84B6D46223EDC6890070B6C5 /* case.app */;
			productType = "com.apple.product-type.application";
		};
		84B6D47723EDC68C0070B6C5 /* caseTests */ = {
			isa = PBXNativeTarget;
			buildConfigurationList = 84B6D48F23EDC68C0070B6C5 /* Build configuration list for PBXNativeTarget "caseTests" */;
			buildPhases = (
				84B6D47423EDC68C0070B6C5 /* Sources */,
				84B6D47523EDC68C0070B6C5 /* Frameworks */,
				84B6D47623EDC68C0070B6C5 /* Resources */,
			);
			buildRules = (
			);
			dependencies = (
				84B6D47A23EDC68C0070B6C5 /* PBXTargetDependency */,
			);
			name = caseTests;
			productName = caseTests;
			productReference = 84B6D47823EDC68C0070B6C5 /* caseTests.xctest */;
			productType = "com.apple.product-type.bundle.unit-test";
		};
		84B6D48223EDC68C0070B6C5 /* caseUITests */ = {
			isa = PBXNativeTarget;
			buildConfigurationList = 84B6D49223EDC68C0070B6C5 /* Build configuration list for PBXNativeTarget "caseUITests" */;
			buildPhases = (
				84B6D47F23EDC68C0070B6C5 /* Sources */,
				84B6D48023EDC68C0070B6C5 /* Frameworks */,
				84B6D48123EDC68C0070B6C5 /* Resources */,
			);
			buildRules = (
			);
			dependencies = (
				84B6D48523EDC68C0070B6C5 /* PBXTargetDependency */,
			);
			name = caseUITests;
			productName = caseUITests;
			productReference = 84B6D48323EDC68C0070B6C5 /* caseUITests.xctest */;
			productType = "com.apple.product-type.bundle.ui-testing";
		};
/* End PBXNativeTarget section */

/* Begin PBXProject section */
		84B6D45A23EDC6880070B6C5 /* Project object */ = {
			isa = PBXProject;
			attributes = {
				LastSwiftUpdateCheck = 1130;
				LastUpgradeCheck = 1130;
				ORGANIZATIONNAME = "Carl Elgström ";
				TargetAttributes = {
					84B6D46123EDC6890070B6C5 = {
						CreatedOnToolsVersion = 11.3.1;
					};
					84B6D47723EDC68C0070B6C5 = {
						CreatedOnToolsVersion = 11.3.1;
						TestTargetID = 84B6D46123EDC6890070B6C5;
					};
					84B6D48223EDC68C0070B6C5 = {
						CreatedOnToolsVersion = 11.3.1;
						TestTargetID = 84B6D46123EDC6890070B6C5;
					};
				};
			};
			buildConfigurationList = 84B6D45D23EDC6890070B6C5 /* Build configuration list for PBXProject "case" */;
			compatibilityVersion = "Xcode 9.3";
			developmentRegion = en;
			hasScannedForEncodings = 0;
			knownRegions = (
				en,
				Base,
			);
			mainGroup = 84B6D45923EDC6880070B6C5;
			productRefGroup = 84B6D46323EDC6890070B6C5 /* Products */;
			projectDirPath = "";
			projectRoot = "";
			targets = (
				84B6D46123EDC6890070B6C5 /* case */,
				84B6D47723EDC68C0070B6C5 /* caseTests */,
				84B6D48223EDC68C0070B6C5 /* caseUITests */,
			);
		};
/* End PBXProject section */

/* Begin PBXResourcesBuildPhase section */
		84B6D46023EDC6890070B6C5 /* Resources */ = {
			isa = PBXResourcesBuildPhase;
			buildActionMask = 2147483647;
			files = (
				84B6D49823EDCC530070B6C5 /* circle-metzger-1.png in Resources */,
				84B6D47223EDC68B0070B6C5 /* LaunchScreen.storyboard in Resources */,
				84B6D46F23EDC68B0070B6C5 /* Assets.xcassets in Resources */,
				847F9C7623EDFD0D006B749F /* Picture 1.png in Resources */,
				84B6D49623EDC92C0070B6C5 /* doctor-circle.png in Resources */,
				84B6D46D23EDC6890070B6C5 /* Main.storyboard in Resources */,
			);
			runOnlyForDeploymentPostprocessing = 0;
		};
		84B6D47623EDC68C0070B6C5 /* Resources */ = {
			isa = PBXResourcesBuildPhase;
			buildActionMask = 2147483647;
			files = (
			);
			runOnlyForDeploymentPostprocessing = 0;
		};
		84B6D48123EDC68C0070B6C5 /* Resources */ = {
			isa = PBXResourcesBuildPhase;
			buildActionMask = 2147483647;
			files = (
			);
			runOnlyForDeploymentPostprocessing = 0;
		};
/* End PBXResourcesBuildPhase section */

/* Begin PBXSourcesBuildPhase section */
		84B6D45E23EDC6890070B6C5 /* Sources */ = {
			isa = PBXSourcesBuildPhase;
			buildActionMask = 2147483647;
			files = (
				84B6D46A23EDC6890070B6C5 /* ViewController.swift in Sources */,
				84B6D46623EDC6890070B6C5 /* AppDelegate.swift in Sources */,
				84B6D46823EDC6890070B6C5 /* SceneDelegate.swift in Sources */,
			);
			runOnlyForDeploymentPostprocessing = 0;
		};
		84B6D47423EDC68C0070B6C5 /* Sources */ = {
			isa = PBXSourcesBuildPhase;
			buildActionMask = 2147483647;
			files = (
				84B6D47D23EDC68C0070B6C5 /* caseTests.swift in Sources */,
			);
			runOnlyForDeploymentPostprocessing = 0;
		};
		84B6D47F23EDC68C0070B6C5 /* Sources */ = {
			isa = PBXSourcesBuildPhase;
			buildActionMask = 2147483647;
			files = (
				84B6D48823EDC68C0070B6C5 /* caseUITests.swift in Sources */,
			);
			runOnlyForDeploymentPostprocessing = 0;
		};
/* End PBXSourcesBuildPhase section */

/* Begin PBXTargetDependency section */
		84B6D47A23EDC68C0070B6C5 /* PBXTargetDependency */ = {
			isa = PBXTargetDependency;
			target = 84B6D46123EDC6890070B6C5 /* case */;
			targetProxy = 84B6D47923EDC68C0070B6C5 /* PBXContainerItemProxy */;
		};
		84B6D48523EDC68C0070B6C5 /* PBXTargetDependency */ = {
			isa = PBXTargetDependency;
			target = 84B6D46123EDC6890070B6C5 /* case */;
			targetProxy = 84B6D48423EDC68C0070B6C5 /* PBXContainerItemProxy */;
		};
/* End PBXTargetDependency section */

/* Begin PBXVariantGroup section */
		84B6D46B23EDC6890070B6C5 /* Main.storyboard */ = {
			isa = PBXVariantGroup;
			children = (
				84B6D46C23EDC6890070B6C5 /* Base */,
			);
			name = Main.storyboard;
			sourceTree = "<group>";
		};
		84B6D47023EDC68B0070B6C5 /* LaunchScreen.storyboard */ = {
			isa = PBXVariantGroup;
			children = (
				84B6D47123EDC68B0070B6C5 /* Base */,
			);
			name = LaunchScreen.storyboard;
			sourceTree = "<group>";
		};
/* End PBXVariantGroup section */

/* Begin XCBuildConfiguration section */
		84B6D48A23EDC68C0070B6C5 /* Debug */ = {
			isa = XCBuildConfiguration;
			buildSettings = {
				ALWAYS_SEARCH_USER_PATHS = NO;
				CLANG_ANALYZER_NONNULL = YES;
				CLANG_ANALYZER_NUMBER_OBJECT_CONVERSION = YES_AGGRESSIVE;
				CLANG_CXX_LANGUAGE_STANDARD = "gnu++14";
				CLANG_CXX_LIBRARY = "libc++";
				CLANG_ENABLE_MODULES = YES;
				CLANG_ENABLE_OBJC_ARC = YES;
				CLANG_ENABLE_OBJC_WEAK = YES;
				CLANG_WARN_BLOCK_CAPTURE_AUTORELEASING = YES;
				CLANG_WARN_BOOL_CONVERSION = YES;
				CLANG_WARN_COMMA = YES;
				CLANG_WARN_CONSTANT_CONVERSION = YES;
				CLANG_WARN_DEPRECATED_OBJC_IMPLEMENTATIONS = YES;
				CLANG_WARN_DIRECT_OBJC_ISA_USAGE = YES_ERROR;
				CLANG_WARN_DOCUMENTATION_COMMENTS = YES;
				CLANG_WARN_EMPTY_BODY = YES;
				CLANG_WARN_ENUM_CONVERSION = YES;
				CLANG_WARN_INFINITE_RECURSION = YES;
				CLANG_WARN_INT_CONVERSION = YES;
				CLANG_WARN_NON_LITERAL_NULL_CONVERSION = YES;
				CLANG_WARN_OBJC_IMPLICIT_RETAIN_SELF = YES;
				CLANG_WARN_OBJC_LITERAL_CONVERSION = YES;
				CLANG_WARN_OBJC_ROOT_CLASS = YES_ERROR;
				CLANG_WARN_RANGE_LOOP_ANALYSIS = YES;
				CLANG_WARN_STRICT_PROTOTYPES = YES;
				CLANG_WARN_SUSPICIOUS_MOVE = YES;
				CLANG_WARN_UNGUARDED_AVAILABILITY = YES_AGGRESSIVE;
				CLANG_WARN_UNREACHABLE_CODE = YES;
				CLANG_WARN__DUPLICATE_METHOD_MATCH = YES;
				COPY_PHASE_STRIP = NO;
				DEBUG_INFORMATION_FORMAT = dwarf;
				ENABLE_STRICT_OBJC_MSGSEND = YES;
				ENABLE_TESTABILITY = YES;
				GCC_C_LANGUAGE_STANDARD = gnu11;
				GCC_DYNAMIC_NO_PIC = NO;
				GCC_NO_COMMON_BLOCKS = YES;
				GCC_OPTIMIZATION_LEVEL = 0;
				GCC_PREPROCESSOR_DEFINITIONS = (
					"DEBUG=1",
					"$(inherited)",
				);
				GCC_WARN_64_TO_32_BIT_CONVERSION = YES;
				GCC_WARN_ABOUT_RETURN_TYPE = YES_ERROR;
				GCC_WARN_UNDECLARED_SELECTOR = YES;
				GCC_WARN_UNINITIALIZED_AUTOS = YES_AGGRESSIVE;
				GCC_WARN_UNUSED_FUNCTION = YES;
				GCC_WARN_UNUSED_VARIABLE = YES;
				IPHONEOS_DEPLOYMENT_TARGET = 13.2;
				MTL_ENABLE_DEBUG_INFO = INCLUDE_SOURCE;
				MTL_FAST_MATH = YES;
				ONLY_ACTIVE_ARCH = YES;
				SDKROOT = iphoneos;
				SWIFT_ACTIVE_COMPILATION_CONDITIONS = DEBUG;
				SWIFT_OPTIMIZATION_LEVEL = "-Onone";
			};
			name = Debug;
		};
		84B6D48B23EDC68C0070B6C5 /* Release */ = {
			isa = XCBuildConfiguration;
			buildSettings = {
				ALWAYS_SEARCH_USER_PATHS = NO;
				CLANG_ANALYZER_NONNULL = YES;
				CLANG_ANALYZER_NUMBER_OBJECT_CONVERSION = YES_AGGRESSIVE;
				CLANG_CXX_LANGUAGE_STANDARD = "gnu++14";
				CLANG_CXX_LIBRARY = "libc++";
				CLANG_ENABLE_MODULES = YES;
				CLANG_ENABLE_OBJC_ARC = YES;
				CLANG_ENABLE_OBJC_WEAK = YES;
				CLANG_WARN_BLOCK_CAPTURE_AUTORELEASING = YES;
				CLANG_WARN_BOOL_CONVERSION = YES;
				CLANG_WARN_COMMA = YES;
				CLANG_WARN_CONSTANT_CONVERSION = YES;
				CLANG_WARN_DEPRECATED_OBJC_IMPLEMENTATIONS = YES;
				CLANG_WARN_DIRECT_OBJC_ISA_USAGE = YES_ERROR;
				CLANG_WARN_DOCUMENTATION_COMMENTS = YES;
				CLANG_WARN_EMPTY_BODY = YES;
				CLANG_WARN_ENUM_CONVERSION = YES;
				CLANG_WARN_INFINITE_RECURSION = YES;
				CLANG_WARN_INT_CONVERSION = YES;
				CLANG_WARN_NON_LITERAL_NULL_CONVERSION = YES;
				CLANG_WARN_OBJC_IMPLICIT_RETAIN_SELF = YES;
				CLANG_WARN_OBJC_LITERAL_CONVERSION = YES;
				CLANG_WARN_OBJC_ROOT_CLASS = YES_ERROR;
				CLANG_WARN_RANGE_LOOP_ANALYSIS = YES;
				CLANG_WARN_STRICT_PROTOTYPES = YES;
				CLANG_WARN_SUSPICIOUS_MOVE = YES;
				CLANG_WARN_UNGUARDED_AVAILABILITY = YES_AGGRESSIVE;
				CLANG_WARN_UNREACHABLE_CODE = YES;
				CLANG_WARN__DUPLICATE_METHOD_MATCH = YES;
				COPY_PHASE_STRIP = NO;
				DEBUG_INFORMATION_FORMAT = "dwarf-with-dsym";
				ENABLE_NS_ASSERTIONS = NO;
				ENABLE_STRICT_OBJC_MSGSEND = YES;
				GCC_C_LANGUAGE_STANDARD = gnu11;
				GCC_NO_COMMON_BLOCKS = YES;
				GCC_WARN_64_TO_32_BIT_CONVERSION = YES;
				GCC_WARN_ABOUT_RETURN_TYPE = YES_ERROR;
				GCC_WARN_UNDECLARED_SELECTOR = YES;
				GCC_WARN_UNINITIALIZED_AUTOS = YES_AGGRESSIVE;
				GCC_WARN_UNUSED_FUNCTION = YES;
				GCC_WARN_UNUSED_VARIABLE = YES;
				IPHONEOS_DEPLOYMENT_TARGET = 13.2;
				MTL_ENABLE_DEBUG_INFO = NO;
				MTL_FAST_MATH = YES;
				SDKROOT = iphoneos;
				SWIFT_COMPILATION_MODE = wholemodule;
				SWIFT_OPTIMIZATION_LEVEL = "-O";
				VALIDATE_PRODUCT = YES;
			};
			name = Release;
		};
		84B6D48D23EDC68C0070B6C5 /* Debug */ = {
			isa = XCBuildConfiguration;
			buildSettings = {
				ASSETCATALOG_COMPILER_APPICON_NAME = AppIcon;
				CODE_SIGN_STYLE = Automatic;
				INFOPLIST_FILE = case/Info.plist;
				LD_RUNPATH_SEARCH_PATHS = (
					"$(inherited)",
					"@executable_path/Frameworks",
				);
				PRODUCT_BUNDLE_IDENTIFIER = com.elgstrom.case;
				PRODUCT_NAME = "$(TARGET_NAME)";
				SWIFT_VERSION = 5.0;
				TARGETED_DEVICE_FAMILY = "1,2";
			};
			name = Debug;
		};
		84B6D48E23EDC68C0070B6C5 /* Release */ = {
			isa = XCBuildConfiguration;
			buildSettings = {
				ASSETCATALOG_COMPILER_APPICON_NAME = AppIcon;
				CODE_SIGN_STYLE = Automatic;
				INFOPLIST_FILE = case/Info.plist;
				LD_RUNPATH_SEARCH_PATHS = (
					"$(inherited)",
					"@executable_path/Frameworks",
				);
				PRODUCT_BUNDLE_IDENTIFIER = com.elgstrom.case;
				PRODUCT_NAME = "$(TARGET_NAME)";
				SWIFT_VERSION = 5.0;
				TARGETED_DEVICE_FAMILY = "1,2";
			};
			name = Release;
		};
		84B6D49023EDC68C0070B6C5 /* Debug */ = {
			isa = XCBuildConfiguration;
			buildSettings = {
				ALWAYS_EMBED_SWIFT_STANDARD_LIBRARIES = YES;
				BUNDLE_LOADER = "$(TEST_HOST)";
				CODE_SIGN_STYLE = Automatic;
				INFOPLIST_FILE = caseTests/Info.plist;
				IPHONEOS_DEPLOYMENT_TARGET = 13.2;
				LD_RUNPATH_SEARCH_PATHS = (
					"$(inherited)",
					"@executable_path/Frameworks",
					"@loader_path/Frameworks",
				);
				PRODUCT_BUNDLE_IDENTIFIER = com.elgstrom.caseTests;
				PRODUCT_NAME = "$(TARGET_NAME)";
				SWIFT_VERSION = 5.0;
				TARGETED_DEVICE_FAMILY = "1,2";
				TEST_HOST = "$(BUILT_PRODUCTS_DIR)/case.app/case";
			};
			name = Debug;
		};
		84B6D49123EDC68C0070B6C5 /* Release */ = {
			isa = XCBuildConfiguration;
			buildSettings = {
				ALWAYS_EMBED_SWIFT_STANDARD_LIBRARIES = YES;
				BUNDLE_LOADER = "$(TEST_HOST)";
				CODE_SIGN_STYLE = Automatic;
				INFOPLIST_FILE = caseTests/Info.plist;
				IPHONEOS_DEPLOYMENT_TARGET = 13.2;
				LD_RUNPATH_SEARCH_PATHS = (
					"$(inherited)",
					"@executable_path/Frameworks",
					"@loader_path/Frameworks",
				);
				PRODUCT_BUNDLE_IDENTIFIER = com.elgstrom.caseTests;
				PRODUCT_NAME = "$(TARGET_NAME)";
				SWIFT_VERSION = 5.0;
				TARGETED_DEVICE_FAMILY = "1,2";
				TEST_HOST = "$(BUILT_PRODUCTS_DIR)/case.app/case";
			};
			name = Release;
		};
		84B6D49323EDC68C0070B6C5 /* Debug */ = {
			isa = XCBuildConfiguration;
			buildSettings = {
				ALWAYS_EMBED_SWIFT_STANDARD_LIBRARIES = YES;
				CODE_SIGN_STYLE = Automatic;
				INFOPLIST_FILE = caseUITests/Info.plist;
				LD_RUNPATH_SEARCH_PATHS = (
					"$(inherited)",
					"@executable_path/Frameworks",
					"@loader_path/Frameworks",
				);
				PRODUCT_BUNDLE_IDENTIFIER = com.elgstrom.caseUITests;
				PRODUCT_NAME = "$(TARGET_NAME)";
				SWIFT_VERSION = 5.0;
				TARGETED_DEVICE_FAMILY = "1,2";
				TEST_TARGET_NAME = case;
			};
			name = Debug;
		};
		84B6D49423EDC68C0070B6C5 /* Release */ = {
			isa = XCBuildConfiguration;
			buildSettings = {
				ALWAYS_EMBED_SWIFT_STANDARD_LIBRARIES = YES;
				CODE_SIGN_STYLE = Automatic;
				INFOPLIST_FILE = caseUITests/Info.plist;
				LD_RUNPATH_SEARCH_PATHS = (
					"$(inherited)",
					"@executable_path/Frameworks",
					"@loader_path/Frameworks",
				);
				PRODUCT_BUNDLE_IDENTIFIER = com.elgstrom.caseUITests;
				PRODUCT_NAME = "$(TARGET_NAME)";
				SWIFT_VERSION = 5.0;
				TARGETED_DEVICE_FAMILY = "1,2";
				TEST_TARGET_NAME = case;
			};
			name = Release;
		};
/* End XCBuildConfiguration section */

/* Begin XCConfigurationList section */
		84B6D45D23EDC6890070B6C5 /* Build configuration list for PBXProject "case" */ = {
			isa = XCConfigurationList;
			buildConfigurations = (
				84B6D48A23EDC68C0070B6C5 /* Debug */,
				84B6D48B23EDC68C0070B6C5 /* Release */,
			);
			defaultConfigurationIsVisible = 0;
			defaultConfigurationName = Release;
		};
		84B6D48C23EDC68C0070B6C5 /* Build configuration list for PBXNativeTarget "case" */ = {
			isa = XCConfigurationList;
			buildConfigurations = (
				84B6D48D23EDC68C0070B6C5 /* Debug */,
				84B6D48E23EDC68C0070B6C5 /* Release */,
			);
			defaultConfigurationIsVisible = 0;
			defaultConfigurationName = Release;
		};
		84B6D48F23EDC68C0070B6C5 /* Build configuration list for PBXNativeTarget "caseTests" */ = {
			isa = XCConfigurationList;
			buildConfigurations = (
				84B6D49023EDC68C0070B6C5 /* Debug */,
				84B6D49123EDC68C0070B6C5 /* Release */,
			);
			defaultConfigurationIsVisible = 0;
			defaultConfigurationName = Release;
		};
		84B6D49223EDC68C0070B6C5 /* Build configuration list for PBXNativeTarget "caseUITests" */ = {
			isa = XCConfigurationList;
			buildConfigurations = (
				84B6D49323EDC68C0070B6C5 /* Debug */,
				84B6D49423EDC68C0070B6C5 /* Release */,
			);
			defaultConfigurationIsVisible = 0;
			defaultConfigurationName = Release;
		};
/* End XCConfigurationList section */
	};
	rootObject = 84B6D45A23EDC6880070B6C5 /* Project object */;
}
